// !$*UTF8*$!
{
	archiveVersion = 1;
	classes = {
	};
	objectVersion = 46;
	objects = {

/* Begin PBXBuildFile section */
		846EEE661A8F8412001F254F /* AppDelegate.swift in Sources */ = {isa = PBXBuildFile; fileRef = 846EEE651A8F8412001F254F /* AppDelegate.swift */; };
		846EEE681A8F8412001F254F /* ViewController.swift in Sources */ = {isa = PBXBuildFile; fileRef = 846EEE671A8F8412001F254F /* ViewController.swift */; };
		846EEE6B1A8F8412001F254F /* Main.storyboard in Resources */ = {isa = PBXBuildFile; fileRef = 846EEE691A8F8412001F254F /* Main.storyboard */; };
		846EEE6D1A8F8412001F254F /* Images.xcassets in Resources */ = {isa = PBXBuildFile; fileRef = 846EEE6C1A8F8412001F254F /* Images.xcassets */; };
		846EEE701A8F8412001F254F /* LaunchScreen.xib in Resources */ = {isa = PBXBuildFile; fileRef = 846EEE6E1A8F8412001F254F /* LaunchScreen.xib */; };
		846EEE7C1A8F8412001F254F /* vacationListTests.swift in Sources */ = {isa = PBXBuildFile; fileRef = 846EEE7B1A8F8412001F254F /* vacationListTests.swift */; };
		846EEE861A8F8DB9001F254F /* Readme.txt in Resources */ = {isa = PBXBuildFile; fileRef = 846EEE851A8F8DB9001F254F /* Readme.txt */; };
		846EEE881A8F9231001F254F /* AddVacationViewController.swift in Sources */ = {isa = PBXBuildFile; fileRef = 846EEE871A8F9231001F254F /* AddVacationViewController.swift */; };
		846EEE8A1A8F94CA001F254F /* VacationListTableViewController.swift in Sources */ = {isa = PBXBuildFile; fileRef = 846EEE891A8F94CA001F254F /* VacationListTableViewController.swift */; };
/* End PBXBuildFile section */

/* Begin PBXContainerItemProxy section */
		846EEE761A8F8412001F254F /* PBXContainerItemProxy */ = {
			isa = PBXContainerItemProxy;
			containerPortal = 846EEE581A8F8412001F254F /* Project object */;
			proxyType = 1;
			remoteGlobalIDString = 846EEE5F1A8F8412001F254F;
			remoteInfo = vacationList;
		};
/* End PBXContainerItemProxy section */

/* Begin PBXFileReference section */
		846EEE601A8F8412001F254F /* vacationList.app */ = {isa = PBXFileReference; explicitFileType = wrapper.application; includeInIndex = 0; path = vacationList.app; sourceTree = BUILT_PRODUCTS_DIR; };
		846EEE641A8F8412001F254F /* Info.plist */ = {isa = PBXFileReference; lastKnownFileType = text.plist.xml; path = Info.plist; sourceTree = "<group>"; };
		846EEE651A8F8412001F254F /* AppDelegate.swift */ = {isa = PBXFileReference; lastKnownFileType = sourcecode.swift; path = AppDelegate.swift; sourceTree = "<group>"; };
		846EEE671A8F8412001F254F /* ViewController.swift */ = {isa = PBXFileReference; lastKnownFileType = sourcecode.swift; path = ViewController.swift; sourceTree = "<group>"; };
		846EEE6A1A8F8412001F254F /* Base */ = {isa = PBXFileReference; lastKnownFileType = file.storyboard; name = Base; path = Base.lproj/Main.storyboard; sourceTree = "<group>"; };
		846EEE6C1A8F8412001F254F /* Images.xcassets */ = {isa = PBXFileReference; lastKnownFileType = folder.assetcatalog; path = Images.xcassets; sourceTree = "<group>"; };
		846EEE6F1A8F8412001F254F /* Base */ = {isa = PBXFileReference; lastKnownFileType = file.xib; name = Base; path = Base.lproj/LaunchScreen.xib; sourceTree = "<group>"; };
		846EEE751A8F8412001F254F /* vacationListTests.xctest */ = {isa = PBXFileReference; explicitFileType = wrapper.cfbundle; includeInIndex = 0; path = vacationListTests.xctest; sourceTree = BUILT_PRODUCTS_DIR; };
		846EEE7A1A8F8412001F254F /* Info.plist */ = {isa = PBXFileReference; lastKnownFileType = text.plist.xml; path = Info.plist; sourceTree = "<group>"; };
		846EEE7B1A8F8412001F254F /* vacationListTests.swift */ = {isa = PBXFileReference; lastKnownFileType = sourcecode.swift; path = vacationListTests.swift; sourceTree = "<group>"; };
		846EEE851A8F8DB9001F254F /* Readme.txt */ = {isa = PBXFileReference; fileEncoding = 4; lastKnownFileType = text; path = Readme.txt; sourceTree = "<group>"; };
		846EEE871A8F9231001F254F /* AddVacationViewController.swift */ = {isa = PBXFileReference; fileEncoding = 4; lastKnownFileType = sourcecode.swift; path = AddVacationViewController.swift; sourceTree = "<group>"; };
		846EEE891A8F94CA001F254F /* VacationListTableViewController.swift */ = {isa = PBXFileReference; fileEncoding = 4; lastKnownFileType = sourcecode.swift; path = VacationListTableViewController.swift; sourceTree = "<group>"; };
/* End PBXFileReference section */

/* Begin PBXFrameworksBuildPhase section */
		846EEE5D1A8F8412001F254F /* Frameworks */ = {
			isa = PBXFrameworksBuildPhase;
			buildActionMask = 2147483647;
			files = (
			);
			runOnlyForDeploymentPostprocessing = 0;
		};
		846EEE721A8F8412001F254F /* Frameworks */ = {
			isa = PBXFrameworksBuildPhase;
			buildActionMask = 2147483647;
			files = (
			);
			runOnlyForDeploymentPostprocessing = 0;
		};
/* End PBXFrameworksBuildPhase section */

/* Begin PBXGroup section */
		846EEE571A8F8412001F254F = {
			isa = PBXGroup;
			children = (
				846EEE851A8F8DB9001F254F /* Readme.txt */,
				846EEE621A8F8412001F254F /* vacationList */,
				846EEE781A8F8412001F254F /* vacationListTests */,
				846EEE611A8F8412001F254F /* Products */,
			);
			sourceTree = "<group>";
		};
		846EEE611A8F8412001F254F /* Products */ = {
			isa = PBXGroup;
			children = (
				846EEE601A8F8412001F254F /* vacationList.app */,
				846EEE751A8F8412001F254F /* vacationListTests.xctest */,
			);
			name = Products;
			sourceTree = "<group>";
		};
		846EEE621A8F8412001F254F /* vacationList */ = {
			isa = PBXGroup;
			children = (
				846EEE651A8F8412001F254F /* AppDelegate.swift */,
				846EEE891A8F94CA001F254F /* VacationListTableViewController.swift */,
				846EEE871A8F9231001F254F /* AddVacationViewController.swift */,
				846EEE671A8F8412001F254F /* ViewController.swift */,
				846EEE691A8F8412001F254F /* Main.storyboard */,
				846EEE6C1A8F8412001F254F /* Images.xcassets */,
				846EEE6E1A8F8412001F254F /* LaunchScreen.xib */,
				846EEE631A8F8412001F254F /* Supporting Files */,
			);
			path = vacationList;
			sourceTree = "<group>";
		};
		846EEE631A8F8412001F254F /* Supporting Files */ = {
			isa = PBXGroup;
			children = (
				846EEE641A8F8412001F254F /* Info.plist */,
			);
			name = "Supporting Files";
			sourceTree = "<group>";
		};
		846EEE781A8F8412001F254F /* vacationListTests */ = {
			isa = PBXGroup;
			children = (
				846EEE7B1A8F8412001F254F /* vacationListTests.swift */,
				846EEE791A8F8412001F254F /* Supporting Files */,
			);
			path = vacationListTests;
			sourceTree = "<group>";
		};
		846EEE791A8F8412001F254F /* Supporting Files */ = {
			isa = PBXGroup;
			children = (
				846EEE7A1A8F8412001F254F /* Info.plist */,
			);
			name = "Supporting Files";
			sourceTree = "<group>";
		};
/* End PBXGroup section */

/* Begin PBXNativeTarget section */
		846EEE5F1A8F8412001F254F /* vacationList */ = {
			isa = PBXNativeTarget;
			buildConfigurationList = 846EEE7F1A8F8412001F254F /* Build configuration list for PBXNativeTarget "vacationList" */;
			buildPhases = (
				846EEE5C1A8F8412001F254F /* Sources */,
				846EEE5D1A8F8412001F254F /* Frameworks */,
				846EEE5E1A8F8412001F254F /* Resources */,
			);
			buildRules = (
			);
			dependencies = (
			);
			name = vacationList;
			productName = vacationList;
			productReference = 846EEE601A8F8412001F254F /* vacationList.app */;
			productType = "com.apple.product-type.application";
		};
		846EEE741A8F8412001F254F /* vacationListTests */ = {
			isa = PBXNativeTarget;
			buildConfigurationList = 846EEE821A8F8412001F254F /* Build configuration list for PBXNativeTarget "vacationListTests" */;
			buildPhases = (
				846EEE711A8F8412001F254F /* Sources */,
				846EEE721A8F8412001F254F /* Frameworks */,
				846EEE731A8F8412001F254F /* Resources */,
			);
			buildRules = (
			);
			dependencies = (
				846EEE771A8F8412001F254F /* PBXTargetDependency */,
			);
			name = vacationListTests;
			productName = vacationListTests;
			productReference = 846EEE751A8F8412001F254F /* vacationListTests.xctest */;
			productType = "com.apple.product-type.bundle.unit-test";
		};
/* End PBXNativeTarget section */

/* Begin PBXProject section */
		846EEE581A8F8412001F254F /* Project object */ = {
			isa = PBXProject;
			attributes = {
				LastUpgradeCheck = 0610;
				ORGANIZATIONNAME = "Weldon Ruan";
				TargetAttributes = {
					846EEE5F1A8F8412001F254F = {
						CreatedOnToolsVersion = 6.1.1;
					};
					846EEE741A8F8412001F254F = {
						CreatedOnToolsVersion = 6.1.1;
						TestTargetID = 846EEE5F1A8F8412001F254F;
					};
				};
			};
			buildConfigurationList = 846EEE5B1A8F8412001F254F /* Build configuration list for PBXProject "vacationList" */;
			compatibilityVersion = "Xcode 3.2";
			developmentRegion = English;
			hasScannedForEncodings = 0;
			knownRegions = (
				en,
				Base,
			);
			mainGroup = 846EEE571A8F8412001F254F;
			productRefGroup = 846EEE611A8F8412001F254F /* Products */;
			projectDirPath = "";
			projectRoot = "";
			targets = (
				846EEE5F1A8F8412001F254F /* vacationList */,
				846EEE741A8F8412001F254F /* vacationListTests */,
			);
		};
/* End PBXProject section */

/* Begin PBXResourcesBuildPhase section */
		846EEE5E1A8F8412001F254F /* Resources */ = {
			isa = PBXResourcesBuildPhase;
			buildActionMask = 2147483647;
			files = (
				846EEE6B1A8F8412001F254F /* Main.storyboard in Resources */,
				846EEE701A8F8412001F254F /* LaunchScreen.xib in Resources */,
				846EEE861A8F8DB9001F254F /* Readme.txt in Resources */,
				846EEE6D1A8F8412001F254F /* Images.xcassets in Resources */,
			);
			runOnlyForDeploymentPostprocessing = 0;
		};
		846EEE731A8F8412001F254F /* Resources */ = {
			isa = PBXResourcesBuildPhase;
			buildActionMask = 2147483647;
			files = (
			);
			runOnlyForDeploymentPostprocessing = 0;
		};
/* End PBXResourcesBuildPhase section */

/* Begin PBXSourcesBuildPhase section */
		846EEE5C1A8F8412001F254F /* Sources */ = {
			isa = PBXSourcesBuildPhase;
			buildActionMask = 2147483647;
			files = (
				846EEE8A1A8F94CA001F254F /* VacationListTableViewController.swift in Sources */,
				846EEE681A8F8412001F254F /* ViewController.swift in Sources */,
				846EEE661A8F8412001F254F /* AppDelegate.swift in Sources */,
				846EEE881A8F9231001F254F /* AddVacationViewController.swift in Sources */,
			);
			runOnlyForDeploymentPostprocessing = 0;
		};
		846EEE711A8F8412001F254F /* Sources */ = {
			isa = PBXSourcesBuildPhase;
			buildActionMask = 2147483647;
			files = (
				846EEE7C1A8F8412001F254F /* vacationListTests.swift in Sources */,
			);
			runOnlyForDeploymentPostprocessing = 0;
		};
/* End PBXSourcesBuildPhase section */

/* Begin PBXTargetDependency section */
		846EEE771A8F8412001F254F /* PBXTargetDependency */ = {
			isa = PBXTargetDependency;
			target = 846EEE5F1A8F8412001F254F /* vacationList */;
			targetProxy = 846EEE761A8F8412001F254F /* PBXContainerItemProxy */;
		};
/* End PBXTargetDependency section */

/* Begin PBXVariantGroup section */
		846EEE691A8F8412001F254F /* Main.storyboard */ = {
			isa = PBXVariantGroup;
			children = (
				846EEE6A1A8F8412001F254F /* Base */,
			);
			name = Main.storyboard;
			sourceTree = "<group>";
		};
		846EEE6E1A8F8412001F254F /* LaunchScreen.xib */ = {
			isa = PBXVariantGroup;
			children = (
				846EEE6F1A8F8412001F254F /* Base */,
			);
			name = LaunchScreen.xib;
			sourceTree = "<group>";
		};
/* End PBXVariantGroup section */

/* Begin XCBuildConfiguration section */
		846EEE7D1A8F8412001F254F /* Debug */ = {
			isa = XCBuildConfiguration;
			buildSettings = {
				ALWAYS_SEARCH_USER_PATHS = NO;
				CLANG_CXX_LANGUAGE_STANDARD = "gnu++0x";
				CLANG_CXX_LIBRARY = "libc++";
				CLANG_ENABLE_MODULES = YES;
				CLANG_ENABLE_OBJC_ARC = YES;
				CLANG_WARN_BOOL_CONVERSION = YES;
				CLANG_WARN_CONSTANT_CONVERSION = YES;
				CLANG_WARN_DIRECT_OBJC_ISA_USAGE = YES_ERROR;
				CLANG_WARN_EMPTY_BODY = YES;
				CLANG_WARN_ENUM_CONVERSION = YES;
				CLANG_WARN_INT_CONVERSION = YES;
				CLANG_WARN_OBJC_ROOT_CLASS = YES_ERROR;
				CLANG_WARN_UNREACHABLE_CODE = YES;
				CLANG_WARN__DUPLICATE_METHOD_MATCH = YES;
				"CODE_SIGN_IDENTITY[sdk=iphoneos*]" = "iPhone Developer";
				COPY_PHASE_STRIP = NO;
				ENABLE_STRICT_OBJC_MSGSEND = YES;
				GCC_C_LANGUAGE_STANDARD = gnu99;
				GCC_DYNAMIC_NO_PIC = NO;
				GCC_OPTIMIZATION_LEVEL = 0;
				GCC_PREPROCESSOR_DEFINITIONS = (
					"DEBUG=1",
					"$(inherited)",
				);
				GCC_SYMBOLS_PRIVATE_EXTERN = NO;
				GCC_WARN_64_TO_32_BIT_CONVERSION = YES;
				GCC_WARN_ABOUT_RETURN_TYPE = YES_ERROR;
				GCC_WARN_UNDECLARED_SELECTOR = YES;
				GCC_WARN_UNINITIALIZED_AUTOS = YES_AGGRESSIVE;
				GCC_WARN_UNUSED_FUNCTION = YES;
				GCC_WARN_UNUSED_VARIABLE = YES;
				IPHONEOS_DEPLOYMENT_TARGET = 8.1;
				MTL_ENABLE_DEBUG_INFO = YES;
				ONLY_ACTIVE_ARCH = YES;
				SDKROOT = iphoneos;
				SWIFT_OPTIMIZATION_LEVEL = "-Onone";
				TARGETED_DEVICE_FAMILY = "1,2";
			};
			name = Debug;
		};
		846EEE7E1A8F8412001F254F /* Release */ = {
			isa = XCBuildConfiguration;
			buildSettings = {
				ALWAYS_SEARCH_USER_PATHS = NO;
				CLANG_CXX_LANGUAGE_STANDARD = "gnu++0x";
				CLANG_CXX_LIBRARY = "libc++";
				CLANG_ENABLE_MODULES = YES;
				CLANG_ENABLE_OBJC_ARC = YES;
				CLANG_WARN_BOOL_CONVERSION = YES;
				CLANG_WARN_CONSTANT_CONVERSION = YES;
				CLANG_WARN_DIRECT_OBJC_ISA_USAGE = YES_ERROR;
				CLANG_WARN_EMPTY_BODY = YES;
				CLANG_WARN_ENUM_CONVERSION = YES;
				CLANG_WARN_INT_CONVERSION = YES;
				CLANG_WARN_OBJC_ROOT_CLASS = YES_ERROR;
				CLANG_WARN_UNREACHABLE_CODE = YES;
				CLANG_WARN__DUPLICATE_METHOD_MATCH = YES;
				"CODE_SIGN_IDENTITY[sdk=iphoneos*]" = "iPhone Developer";
				COPY_PHASE_STRIP = YES;
				ENABLE_NS_ASSERTIONS = NO;
				ENABLE_STRICT_OBJC_MSGSEND = YES;
				GCC_C_LANGUAGE_STANDARD = gnu99;
				GCC_WARN_64_TO_32_BIT_CONVERSION = YES;
				GCC_WARN_ABOUT_RETURN_TYPE = YES_ERROR;
				GCC_WARN_UNDECLARED_SELECTOR = YES;
				GCC_WARN_UNINITIALIZED_AUTOS = YES_AGGRESSIVE;
				GCC_WARN_UNUSED_FUNCTION = YES;
				GCC_WARN_UNUSED_VARIABLE = YES;
				IPHONEOS_DEPLOYMENT_TARGET = 8.1;
				MTL_ENABLE_DEBUG_INFO = NO;
				SDKROOT = iphoneos;
				TARGETED_DEVICE_FAMILY = "1,2";
				VALIDATE_PRODUCT = YES;
			};
			name = Release;
		};
		846EEE801A8F8412001F254F /* Debug */ = {
			isa = XCBuildConfiguration;
			buildSettings = {
				ASSETCATALOG_COMPILER_APPICON_NAME = AppIcon;
				INFOPLIST_FILE = vacationList/Info.plist;
				LD_RUNPATH_SEARCH_PATHS = "$(inherited) @executable_path/Frameworks";
				PRODUCT_NAME = "$(TARGET_NAME)";
			};
			name = Debug;
		};
		846EEE811A8F8412001F254F /* Release */ = {
			isa = XCBuildConfiguration;
			buildSettings = {
				ASSETCATALOG_COMPILER_APPICON_NAME = AppIcon;
				INFOPLIST_FILE = vacationList/Info.plist;
				LD_RUNPATH_SEARCH_PATHS = "$(inherited) @executable_path/Frameworks";
				PRODUCT_NAME = "$(TARGET_NAME)";
			};
			name = Release;
		};
		846EEE831A8F8412001F254F /* Debug */ = {
			isa = XCBuildConfiguration;
			buildSettings = {
				BUNDLE_LOADER = "$(TEST_HOST)";
				FRAMEWORK_SEARCH_PATHS = (
					"$(SDKROOT)/Developer/Library/Frameworks",
					"$(inherited)",
				);
				GCC_PREPROCESSOR_DEFINITIONS = (
					"DEBUG=1",
					"$(inherited)",
				);
				INFOPLIST_FILE = vacationListTests/Info.plist;
				LD_RUNPATH_SEARCH_PATHS = "$(inherited) @executable_path/Frameworks @loader_path/Frameworks";
				PRODUCT_NAME = "$(TARGET_NAME)";
				TEST_HOST = "$(BUILT_PRODUCTS_DIR)/vacationList.app/vacationList";
			};
			name = Debug;
		};
		846EEE841A8F8412001F254F /* Release */ = {
			isa = XCBuildConfiguration;
			buildSettings = {
				BUNDLE_LOADER = "$(TEST_HOST)";
				FRAMEWORK_SEARCH_PATHS = (
					"$(SDKROOT)/Developer/Library/Frameworks",
					"$(inherited)",
				);
				INFOPLIST_FILE = vacationListTests/Info.plist;
				LD_RUNPATH_SEARCH_PATHS = "$(inherited) @executable_path/Frameworks @loader_path/Frameworks";
				PRODUCT_NAME = "$(TARGET_NAME)";
				TEST_HOST = "$(BUILT_PRODUCTS_DIR)/vacationList.app/vacationList";
			};
			name = Release;
		};
/* End XCBuildConfiguration section */

/* Begin XCConfigurationList section */
		846EEE5B1A8F8412001F254F /* Build configuration list for PBXProject "vacationList" */ = {
			isa = XCConfigurationList;
			buildConfigurations = (
				846EEE7D1A8F8412001F254F /* Debug */,
				846EEE7E1A8F8412001F254F /* Release */,
			);
			defaultConfigurationIsVisible = 0;
			defaultConfigurationName = Release;
		};
		846EEE7F1A8F8412001F254F /* Build configuration list for PBXNativeTarget "vacationList" */ = {
			isa = XCConfigurationList;
			buildConfigurations = (
				846EEE801A8F8412001F254F /* Debug */,
				846EEE811A8F8412001F254F /* Release */,
			);
			defaultConfigurationIsVisible = 0;
			defaultConfigurationName = Release;
		};
		846EEE821A8F8412001F254F /* Build configuration list for PBXNativeTarget "vacationListTests" */ = {
			isa = XCConfigurationList;
			buildConfigurations = (
				846EEE831A8F8412001F254F /* Debug */,
				846EEE841A8F8412001F254F /* Release */,
			);
			defaultConfigurationIsVisible = 0;
			defaultConfigurationName = Release;
		};
/* End XCConfigurationList section */
	};
	rootObject = 846EEE581A8F8412001F254F /* Project object */;
}
